
Microsoft Visual Studio Solution File, Format Version 12.00
# Visual Studio Version 16
VisualStudioVersion = 16.0.29326.143
MinimumVisualStudioVersion = 10.0.40219.1
Project("{9A19103F-16F7-4668-BE54-9A1E7A4F7556}") = "MyBoard", "MyBoard.csproj", "{89F70B63-267D-42FF-9559-229F613BE97B}"
EndProject
Global
	GlobalSection(SolutionConfigurationPlatforms) = preSolution
		Debug|Any CPU = Debug|Any CPU
		Release|Any CPU = Release|Any CPU
	EndGlobalSection
	GlobalSection(ProjectConfigurationPlatforms) = postSolution
		{89F70B63-267D-42FF-9559-229F613BE97B}.Debug|Any CPU.ActiveCfg = Debug|Any CPU
		{89F70B63-267D-42FF-9559-229F613BE97B}.Debug|Any CPU.Build.0 = Debug|Any CPU
		{89F70B63-267D-42FF-9559-229F613BE97B}.Release|Any CPU.ActiveCfg = Release|Any CPU
		{89F70B63-267D-42FF-9559-229F613BE97B}.Release|Any CPU.Build.0 = Release|Any CPU
	EndGlobalSection
	GlobalSection(SolutionProperties) = preSolution
		HideSolutionNode = FALSE
	EndGlobalSection
	GlobalSection(ExtensibilityGlobals) = postSolution
		SolutionGuid = {62800588-9FD4-4098-AAE4-793715B40FAC}
	EndGlobalSection
EndGlobal
